
Microsoft Visual Studio Solution File, Format Version 12.00
# Visual Studio Version 16
VisualStudioVersion = 16.0.28803.156
MinimumVisualStudioVersion = 10.0.40219.1
Project("{FAE04EC0-301F-11D3-BF4B-00C04F79EFBC}") = "Experiment", "Experiment\Experiment.csproj", "{F7118808-DFEA-4B40-82BD-30C687390C85}"
EndProject
Project("{2150E333-8FDC-42A3-9474-1A3956D46DE8}") = "Solution Items", "Solution Items", "{E1F0F978-C72B-4A98-9110-EEF409CC5ECD}"
	ProjectSection(SolutionItems) = preProject
		.gitignore = .gitignore
	EndProjectSection
EndProject
Global
	GlobalSection(SolutionConfigurationPlatforms) = preSolution
		Debug|Any CPU = Debug|Any CPU
		Release|Any CPU = Release|Any CPU
	EndGlobalSection
	GlobalSection(ProjectConfigurationPlatforms) = postSolution
		{F7118808-DFEA-4B40-82BD-30C687390C85}.Debug|Any CPU.ActiveCfg = Debug|Any CPU
		{F7118808-DFEA-4B40-82BD-30C687390C85}.Debug|Any CPU.Build.0 = Debug|Any CPU
		{F7118808-DFEA-4B40-82BD-30C687390C85}.Release|Any CPU.ActiveCfg = Release|Any CPU
		{F7118808-DFEA-4B40-82BD-30C687390C85}.Release|Any CPU.Build.0 = Release|Any CPU
	EndGlobalSection
	GlobalSection(SolutionProperties) = preSolution
		HideSolutionNode = FALSE
	EndGlobalSection
	GlobalSection(ExtensibilityGlobals) = postSolution
		SolutionGuid = {44450F95-5163-4480-8766-5686643A3931}
	EndGlobalSection
EndGlobal
